// !$*UTF8*$!
{
	archiveVersion = 1;
	classes = {
	};
	objectVersion = 56;
	objects = {

/* Begin PBXBuildFile section */
		25C76E382C9F20AC0069D4C5 /* AppDelegate.swift in Sources */ = {isa = PBXBuildFile; fileRef = 25C76E372C9F20AC0069D4C5 /* AppDelegate.swift */; };
		25C76E3A2C9F20AC0069D4C5 /* ViewController.swift in Sources */ = {isa = PBXBuildFile; fileRef = 25C76E392C9F20AC0069D4C5 /* ViewController.swift */; };
		25C76E3C2C9F20AE0069D4C5 /* Assets.xcassets in Resources */ = {isa = PBXBuildFile; fileRef = 25C76E3B2C9F20AE0069D4C5 /* Assets.xcassets */; };
		25C76E3F2C9F20AE0069D4C5 /* Base in Resources */ = {isa = PBXBuildFile; fileRef = 25C76E3E2C9F20AE0069D4C5 /* Base */; };
		25C76E482C9F27310069D4C5 /* Anima in Frameworks */ = {isa = PBXBuildFile; productRef = 25C76E472C9F27310069D4C5 /* Anima */; };
		25C76E4B2CA2CEF70069D4C5 /* QuartzCore.framework in Frameworks */ = {isa = PBXBuildFile; fileRef = 25C76E4A2CA2CEF70069D4C5 /* QuartzCore.framework */; };
/* End PBXBuildFile section */

/* Begin PBXFileReference section */
		25C76E342C9F20AC0069D4C5 /* AnimateText.app */ = {isa = PBXFileReference; explicitFileType = wrapper.application; includeInIndex = 0; path = AnimateText.app; sourceTree = BUILT_PRODUCTS_DIR; };
		25C76E372C9F20AC0069D4C5 /* AppDelegate.swift */ = {isa = PBXFileReference; lastKnownFileType = sourcecode.swift; path = AppDelegate.swift; sourceTree = "<group>"; };
		25C76E392C9F20AC0069D4C5 /* ViewController.swift */ = {isa = PBXFileReference; lastKnownFileType = sourcecode.swift; path = ViewController.swift; sourceTree = "<group>"; };
		25C76E3B2C9F20AE0069D4C5 /* Assets.xcassets */ = {isa = PBXFileReference; lastKnownFileType = folder.assetcatalog; path = Assets.xcassets; sourceTree = "<group>"; };
		25C76E3E2C9F20AE0069D4C5 /* Base */ = {isa = PBXFileReference; lastKnownFileType = file.storyboard; name = Base; path = Base.lproj/Main.storyboard; sourceTree = "<group>"; };
		25C76E402C9F20AE0069D4C5 /* AnimateText.entitlements */ = {isa = PBXFileReference; lastKnownFileType = text.plist.entitlements; path = AnimateText.entitlements; sourceTree = "<group>"; };
		25C76E4A2CA2CEF70069D4C5 /* QuartzCore.framework */ = {isa = PBXFileReference; lastKnownFileType = wrapper.framework; name = QuartzCore.framework; path = System/Library/Frameworks/QuartzCore.framework; sourceTree = SDKROOT; };
/* End PBXFileReference section */

/* Begin PBXFrameworksBuildPhase section */
		25C76E312C9F20AC0069D4C5 /* Frameworks */ = {
			isa = PBXFrameworksBuildPhase;
			buildActionMask = 2147483647;
			files = (
				25C76E4B2CA2CEF70069D4C5 /* QuartzCore.framework in Frameworks */,
				25C76E482C9F27310069D4C5 /* Anima in Frameworks */,
			);
			runOnlyForDeploymentPostprocessing = 0;
		};
/* End PBXFrameworksBuildPhase section */

/* Begin PBXGroup section */
		25C76E2B2C9F20AC0069D4C5 = {
			isa = PBXGroup;
			children = (
				25C76E362C9F20AC0069D4C5 /* AnimateText */,
				25C76E352C9F20AC0069D4C5 /* Products */,
				25C76E492CA2CEF60069D4C5 /* Frameworks */,
			);
			sourceTree = "<group>";
		};
		25C76E352C9F20AC0069D4C5 /* Products */ = {
			isa = PBXGroup;
			children = (
				25C76E342C9F20AC0069D4C5 /* AnimateText.app */,
			);
			name = Products;
			sourceTree = "<group>";
		};
		25C76E362C9F20AC0069D4C5 /* AnimateText */ = {
			isa = PBXGroup;
			children = (
				25C76E372C9F20AC0069D4C5 /* AppDelegate.swift */,
				25C76E392C9F20AC0069D4C5 /* ViewController.swift */,
				25C76E3B2C9F20AE0069D4C5 /* Assets.xcassets */,
				25C76E3D2C9F20AE0069D4C5 /* Main.storyboard */,
				25C76E402C9F20AE0069D4C5 /* AnimateText.entitlements */,
			);
			path = AnimateText;
			sourceTree = "<group>";
		};
		25C76E492CA2CEF60069D4C5 /* Frameworks */ = {
			isa = PBXGroup;
			children = (
				25C76E4A2CA2CEF70069D4C5 /* QuartzCore.framework */,
			);
			name = Frameworks;
			sourceTree = "<group>";
		};
/* End PBXGroup section */

/* Begin PBXNativeTarget section */
		25C76E332C9F20AC0069D4C5 /* AnimateText */ = {
			isa = PBXNativeTarget;
			buildConfigurationList = 25C76E432C9F20AE0069D4C5 /* Build configuration list for PBXNativeTarget "AnimateText" */;
			buildPhases = (
				25C76E302C9F20AC0069D4C5 /* Sources */,
				25C76E312C9F20AC0069D4C5 /* Frameworks */,
				25C76E322C9F20AC0069D4C5 /* Resources */,
			);
			buildRules = (
			);
			dependencies = (
			);
			name = AnimateText;
			packageProductDependencies = (
				25C76E472C9F27310069D4C5 /* Anima */,
			);
			productName = AnimateText;
			productReference = 25C76E342C9F20AC0069D4C5 /* AnimateText.app */;
			productType = "com.apple.product-type.application";
		};
/* End PBXNativeTarget section */

/* Begin PBXProject section */
		25C76E2C2C9F20AC0069D4C5 /* Project object */ = {
			isa = PBXProject;
			attributes = {
				BuildIndependentTargetsInParallel = 1;
				LastSwiftUpdateCheck = 1540;
				LastUpgradeCheck = 1540;
				TargetAttributes = {
					25C76E332C9F20AC0069D4C5 = {
						CreatedOnToolsVersion = 15.4;
					};
				};
			};
			buildConfigurationList = 25C76E2F2C9F20AC0069D4C5 /* Build configuration list for PBXProject "AnimateText" */;
			compatibilityVersion = "Xcode 14.0";
			developmentRegion = en;
			hasScannedForEncodings = 0;
			knownRegions = (
				en,
				Base,
			);
			mainGroup = 25C76E2B2C9F20AC0069D4C5;
			packageReferences = (
				25C76E462C9F27310069D4C5 /* XCRemoteSwiftPackageReference "Anima" */,
			);
			productRefGroup = 25C76E352C9F20AC0069D4C5 /* Products */;
			projectDirPath = "";
			projectRoot = "";
			targets = (
				25C76E332C9F20AC0069D4C5 /* AnimateText */,
			);
		};
/* End PBXProject section */

/* Begin PBXResourcesBuildPhase section */
		25C76E322C9F20AC0069D4C5 /* Resources */ = {
			isa = PBXResourcesBuildPhase;
			buildActionMask = 2147483647;
			files = (
				25C76E3C2C9F20AE0069D4C5 /* Assets.xcassets in Resources */,
				25C76E3F2C9F20AE0069D4C5 /* Base in Resources */,
			);
			runOnlyForDeploymentPostprocessing = 0;
		};
/* End PBXResourcesBuildPhase section */

/* Begin PBXSourcesBuildPhase section */
		25C76E302C9F20AC0069D4C5 /* Sources */ = {
			isa = PBXSourcesBuildPhase;
			buildActionMask = 2147483647;
			files = (
				25C76E3A2C9F20AC0069D4C5 /* ViewController.swift in Sources */,
				25C76E382C9F20AC0069D4C5 /* AppDelegate.swift in Sources */,
			);
			runOnlyForDeploymentPostprocessing = 0;
		};
/* End PBXSourcesBuildPhase section */

/* Begin PBXVariantGroup section */
		25C76E3D2C9F20AE0069D4C5 /* Main.storyboard */ = {
			isa = PBXVariantGroup;
			children = (
				25C76E3E2C9F20AE0069D4C5 /* Base */,
			);
			name = Main.storyboard;
			sourceTree = "<group>";
		};
/* End PBXVariantGroup section */

/* Begin XCBuildConfiguration section */
		25C76E412C9F20AE0069D4C5 /* Debug */ = {
			isa = XCBuildConfiguration;
			buildSettings = {
				ALWAYS_SEARCH_USER_PATHS = NO;
				ASSETCATALOG_COMPILER_GENERATE_SWIFT_ASSET_SYMBOL_EXTENSIONS = YES;
				CLANG_ANALYZER_NONNULL = YES;
				CLANG_ANALYZER_NUMBER_OBJECT_CONVERSION = YES_AGGRESSIVE;
				CLANG_CXX_LANGUAGE_STANDARD = "gnu++20";
				CLANG_ENABLE_MODULES = YES;
				CLANG_ENABLE_OBJC_ARC = YES;
				CLANG_ENABLE_OBJC_WEAK = YES;
				CLANG_WARN_BLOCK_CAPTURE_AUTORELEASING = YES;
				CLANG_WARN_BOOL_CONVERSION = YES;
				CLANG_WARN_COMMA = YES;
				CLANG_WARN_CONSTANT_CONVERSION = YES;
				CLANG_WARN_DEPRECATED_OBJC_IMPLEMENTATIONS = YES;
				CLANG_WARN_DIRECT_OBJC_ISA_USAGE = YES_ERROR;
				CLANG_WARN_DOCUMENTATION_COMMENTS = YES;
				CLANG_WARN_EMPTY_BODY = YES;
				CLANG_WARN_ENUM_CONVERSION = YES;
				CLANG_WARN_INFINITE_RECURSION = YES;
				CLANG_WARN_INT_CONVERSION = YES;
				CLANG_WARN_NON_LITERAL_NULL_CONVERSION = YES;
				CLANG_WARN_OBJC_IMPLICIT_RETAIN_SELF = YES;
				CLANG_WARN_OBJC_LITERAL_CONVERSION = YES;
				CLANG_WARN_OBJC_ROOT_CLASS = YES_ERROR;
				CLANG_WARN_QUOTED_INCLUDE_IN_FRAMEWORK_HEADER = YES;
				CLANG_WARN_RANGE_LOOP_ANALYSIS = YES;
				CLANG_WARN_STRICT_PROTOTYPES = YES;
				CLANG_WARN_SUSPICIOUS_MOVE = YES;
				CLANG_WARN_UNGUARDED_AVAILABILITY = YES_AGGRESSIVE;
				CLANG_WARN_UNREACHABLE_CODE = YES;
				CLANG_WARN__DUPLICATE_METHOD_MATCH = YES;
				COPY_PHASE_STRIP = NO;
				DEBUG_INFORMATION_FORMAT = dwarf;
				ENABLE_STRICT_OBJC_MSGSEND = YES;
				ENABLE_TESTABILITY = YES;
				ENABLE_USER_SCRIPT_SANDBOXING = YES;
				GCC_C_LANGUAGE_STANDARD = gnu17;
				GCC_DYNAMIC_NO_PIC = NO;
				GCC_NO_COMMON_BLOCKS = YES;
				GCC_OPTIMIZATION_LEVEL = 0;
				GCC_PREPROCESSOR_DEFINITIONS = (
					"DEBUG=1",
					"$(inherited)",
				);
				GCC_WARN_64_TO_32_BIT_CONVERSION = YES;
				GCC_WARN_ABOUT_RETURN_TYPE = YES_ERROR;
				GCC_WARN_UNDECLARED_SELECTOR = YES;
				GCC_WARN_UNINITIALIZED_AUTOS = YES_AGGRESSIVE;
				GCC_WARN_UNUSED_FUNCTION = YES;
				GCC_WARN_UNUSED_VARIABLE = YES;
				LOCALIZATION_PREFERS_STRING_CATALOGS = YES;
				MACOSX_DEPLOYMENT_TARGET = 14.5;
				MTL_ENABLE_DEBUG_INFO = INCLUDE_SOURCE;
				MTL_FAST_MATH = YES;
				ONLY_ACTIVE_ARCH = YES;
				SDKROOT = macosx;
				SWIFT_ACTIVE_COMPILATION_CONDITIONS = "DEBUG $(inherited)";
				SWIFT_OPTIMIZATION_LEVEL = "-Onone";
			};
			name = Debug;
		};
		25C76E422C9F20AE0069D4C5 /* Release */ = {
			isa = XCBuildConfiguration;
			buildSettings = {
				ALWAYS_SEARCH_USER_PATHS = NO;
				ASSETCATALOG_COMPILER_GENERATE_SWIFT_ASSET_SYMBOL_EXTENSIONS = YES;
				CLANG_ANALYZER_NONNULL = YES;
				CLANG_ANALYZER_NUMBER_OBJECT_CONVERSION = YES_AGGRESSIVE;
				CLANG_CXX_LANGUAGE_STANDARD = "gnu++20";
				CLANG_ENABLE_MODULES = YES;
				CLANG_ENABLE_OBJC_ARC = YES;
				CLANG_ENABLE_OBJC_WEAK = YES;
				CLANG_WARN_BLOCK_CAPTURE_AUTORELEASING = YES;
				CLANG_WARN_BOOL_CONVERSION = YES;
				CLANG_WARN_COMMA = YES;
				CLANG_WARN_CONSTANT_CONVERSION = YES;
				CLANG_WARN_DEPRECATED_OBJC_IMPLEMENTATIONS = YES;
				CLANG_WARN_DIRECT_OBJC_ISA_USAGE = YES_ERROR;
				CLANG_WARN_DOCUMENTATION_COMMENTS = YES;
				CLANG_WARN_EMPTY_BODY = YES;
				CLANG_WARN_ENUM_CONVERSION = YES;
				CLANG_WARN_INFINITE_RECURSION = YES;
				CLANG_WARN_INT_CONVERSION = YES;
				CLANG_WARN_NON_LITERAL_NULL_CONVERSION = YES;
				CLANG_WARN_OBJC_IMPLICIT_RETAIN_SELF = YES;
				CLANG_WARN_OBJC_LITERAL_CONVERSION = YES;
				CLANG_WARN_OBJC_ROOT_CLASS = YES_ERROR;
				CLANG_WARN_QUOTED_INCLUDE_IN_FRAMEWORK_HEADER = YES;
				CLANG_WARN_RANGE_LOOP_ANALYSIS = YES;
				CLANG_WARN_STRICT_PROTOTYPES = YES;
				CLANG_WARN_SUSPICIOUS_MOVE = YES;
				CLANG_WARN_UNGUARDED_AVAILABILITY = YES_AGGRESSIVE;
				CLANG_WARN_UNREACHABLE_CODE = YES;
				CLANG_WARN__DUPLICATE_METHOD_MATCH = YES;
				COPY_PHASE_STRIP = NO;
				DEBUG_INFORMATION_FORMAT = "dwarf-with-dsym";
				ENABLE_NS_ASSERTIONS = NO;
				ENABLE_STRICT_OBJC_MSGSEND = YES;
				ENABLE_USER_SCRIPT_SANDBOXING = YES;
				GCC_C_LANGUAGE_STANDARD = gnu17;
				GCC_NO_COMMON_BLOCKS = YES;
				GCC_WARN_64_TO_32_BIT_CONVERSION = YES;
				GCC_WARN_ABOUT_RETURN_TYPE = YES_ERROR;
				GCC_WARN_UNDECLARED_SELECTOR = YES;
				GCC_WARN_UNINITIALIZED_AUTOS = YES_AGGRESSIVE;
				GCC_WARN_UNUSED_FUNCTION = YES;
				GCC_WARN_UNUSED_VARIABLE = YES;
				LOCALIZATION_PREFERS_STRING_CATALOGS = YES;
				MACOSX_DEPLOYMENT_TARGET = 14.5;
				MTL_ENABLE_DEBUG_INFO = NO;
				MTL_FAST_MATH = YES;
				SDKROOT = macosx;
				SWIFT_COMPILATION_MODE = wholemodule;
			};
			name = Release;
		};
		25C76E442C9F20AE0069D4C5 /* Debug */ = {
			isa = XCBuildConfiguration;
			buildSettings = {
				ASSETCATALOG_COMPILER_APPICON_NAME = AppIcon;
				ASSETCATALOG_COMPILER_GLOBAL_ACCENT_COLOR_NAME = AccentColor;
				CODE_SIGN_ENTITLEMENTS = AnimateText/AnimateText.entitlements;
				CODE_SIGN_STYLE = Automatic;
				COMBINE_HIDPI_IMAGES = YES;
				CURRENT_PROJECT_VERSION = 1;
				DEVELOPMENT_TEAM = 8586779E85;
				ENABLE_HARDENED_RUNTIME = YES;
				GENERATE_INFOPLIST_FILE = YES;
				INFOPLIST_KEY_NSHumanReadableCopyright = "";
				INFOPLIST_KEY_NSMainStoryboardFile = Main;
				INFOPLIST_KEY_NSPrincipalClass = NSApplication;
				LD_RUNPATH_SEARCH_PATHS = (
					"$(inherited)",
					"@executable_path/../Frameworks",
				);
				MARKETING_VERSION = 1.0;
				PRODUCT_BUNDLE_IDENTIFIER = in.roguemonkey.AnimateText;
				PRODUCT_NAME = "$(TARGET_NAME)";
				SWIFT_EMIT_LOC_STRINGS = YES;
				SWIFT_VERSION = 5.0;
			};
			name = Debug;
		};
		25C76E452C9F20AE0069D4C5 /* Release */ = {
			isa = XCBuildConfiguration;
			buildSettings = {
				ASSETCATALOG_COMPILER_APPICON_NAME = AppIcon;
				ASSETCATALOG_COMPILER_GLOBAL_ACCENT_COLOR_NAME = AccentColor;
				CODE_SIGN_ENTITLEMENTS = AnimateText/AnimateText.entitlements;
				CODE_SIGN_STYLE = Automatic;
				COMBINE_HIDPI_IMAGES = YES;
				CURRENT_PROJECT_VERSION = 1;
				DEVELOPMENT_TEAM = 8586779E85;
				ENABLE_HARDENED_RUNTIME = YES;
				GENERATE_INFOPLIST_FILE = YES;
				INFOPLIST_KEY_NSHumanReadableCopyright = "";
				INFOPLIST_KEY_NSMainStoryboardFile = Main;
				INFOPLIST_KEY_NSPrincipalClass = NSApplication;
				LD_RUNPATH_SEARCH_PATHS = (
					"$(inherited)",
					"@executable_path/../Frameworks",
				);
				MARKETING_VERSION = 1.0;
				PRODUCT_BUNDLE_IDENTIFIER = in.roguemonkey.AnimateText;
				PRODUCT_NAME = "$(TARGET_NAME)";
				SWIFT_EMIT_LOC_STRINGS = YES;
				SWIFT_VERSION = 5.0;
			};
			name = Release;
		};
/* End XCBuildConfiguration section */

/* Begin XCConfigurationList section */
		25C76E2F2C9F20AC0069D4C5 /* Build configuration list for PBXProject "AnimateText" */ = {
			isa = XCConfigurationList;
			buildConfigurations = (
				25C76E412C9F20AE0069D4C5 /* Debug */,
				25C76E422C9F20AE0069D4C5 /* Release */,
			);
			defaultConfigurationIsVisible = 0;
			defaultConfigurationName = Release;
		};
		25C76E432C9F20AE0069D4C5 /* Build configuration list for PBXNativeTarget "AnimateText" */ = {
			isa = XCConfigurationList;
			buildConfigurations = (
				25C76E442C9F20AE0069D4C5 /* Debug */,
				25C76E452C9F20AE0069D4C5 /* Release */,
			);
			defaultConfigurationIsVisible = 0;
			defaultConfigurationName = Release;
		};
/* End XCConfigurationList section */

/* Begin XCRemoteSwiftPackageReference section */
		25C76E462C9F27310069D4C5 /* XCRemoteSwiftPackageReference "Anima" */ = {
			isa = XCRemoteSwiftPackageReference;
			repositoryURL = "https://github.com/flocked/Anima";
			requirement = {
				branch = main;
				kind = branch;
			};
		};
/* End XCRemoteSwiftPackageReference section */

/* Begin XCSwiftPackageProductDependency section */
		25C76E472C9F27310069D4C5 /* Anima */ = {
			isa = XCSwiftPackageProductDependency;
			package = 25C76E462C9F27310069D4C5 /* XCRemoteSwiftPackageReference "Anima" */;
			productName = Anima;
		};
/* End XCSwiftPackageProductDependency section */
	};
	rootObject = 25C76E2C2C9F20AC0069D4C5 /* Project object */;
}
